
Microsoft Visual Studio Solution File, Format Version 12.00
# Visual Studio 15
VisualStudioVersion = 15.0.27130.2036
MinimumVisualStudioVersion = 10.0.40219.1
Project("{FAE04EC0-301F-11D3-BF4B-00C04F79EFBC}") = "RH.Domain", "ERP.RH.Domain\RH.Domain.csproj", "{CE1444D5-D02F-4E61-A3AE-96C0BA0B4F93}"
EndProject
Project("{FAE04EC0-301F-11D3-BF4B-00C04F79EFBC}") = "RH.Infra", "ERP.Infra.Data\RH.Infra.csproj", "{95FFD473-5E9D-4A91-BE76-8777A54C6D5D}"
EndProject
Project("{2150E333-8FDC-42A3-9474-1A3956D46DE8}") = "RH.UI", "RH.UI", "{0131489E-2754-4F80-B5DB-9B2C9806CB75}"
EndProject
Project("{2150E333-8FDC-42A3-9474-1A3956D46DE8}") = "RH.Domain", "RH.Domain", "{4A3D6186-D1BF-4F74-A2F3-BFDED5E8AE10}"
EndProject
Project("{FAE04EC0-301F-11D3-BF4B-00C04F79EFBC}") = "RH.Comum", "ERP.Shared\RH.Comum.csproj", "{771911B4-BA03-44A5-BEF4-8BF6A04C0954}"
EndProject
Project("{2150E333-8FDC-42A3-9474-1A3956D46DE8}") = "RH.Comum", "RH.Comum", "{30B0CAE8-15B8-4A56-80A3-F72B13822C7D}"
	ProjectSection(SolutionItems) = preProject
		Notas.txt = Notas.txt
	EndProjectSection
EndProject
Project("{2150E333-8FDC-42A3-9474-1A3956D46DE8}") = "RH.Infra", "RH.Infra", "{EA65D772-53AB-4C76-BA50-CB732A1446ED}"
EndProject
Project("{2150E333-8FDC-42A3-9474-1A3956D46DE8}") = "RH.Application", "RH.Application", "{F71DBF78-9029-4253-87D4-3A7E9F6CB99E}"
EndProject
Project("{2150E333-8FDC-42A3-9474-1A3956D46DE8}") = "RH.Services", "RH.Services", "{03FA42E6-D4B3-4FAF-B2E0-F5A81C18FE1D}"
EndProject
Project("{FAE04EC0-301F-11D3-BF4B-00C04F79EFBC}") = "RH.Application", "ERP.RH.Application\RH.Application.csproj", "{6FA84158-8093-489B-A8DC-ED640D3796EC}"
EndProject
Project("{FAE04EC0-301F-11D3-BF4B-00C04F79EFBC}") = "RH.Services", "RH.Services\RH.Services.csproj", "{8E9F5397-43EC-457C-B78E-410D60492689}"
EndProject
Project("{2150E333-8FDC-42A3-9474-1A3956D46DE8}") = "Arquivos", "Arquivos", "{75AD2636-DAF4-4805-88DB-8503E7A95939}"
	ProjectSection(SolutionItems) = preProject
		Estrutura_RH.sql = Estrutura_RH.sql
	EndProjectSection
EndProject
Project("{FAE04EC0-301F-11D3-BF4B-00C04F79EFBC}") = "RH.Infra.Identity", "RH.Infra.Identity\RH.Infra.Identity.csproj", "{2CD0D396-AB74-4B99-8F16-F3E89D22E588}"
EndProject
Project("{2150E333-8FDC-42A3-9474-1A3956D46DE8}") = "BackEnd", "BackEnd", "{6CCA89A7-4E3D-4E16-B202-03CADD129789}"
EndProject
Project("{2150E333-8FDC-42A3-9474-1A3956D46DE8}") = "FrontEnd", "FrontEnd", "{1DF4F653-5432-4F18-A19E-11367372E6A6}"
EndProject
Project("{FAE04EC0-301F-11D3-BF4B-00C04F79EFBC}") = "RH.ViewModel", "RH.ViewModel\RH.ViewModel.csproj", "{3BB71721-3EF0-40A0-81FD-668FE79325A3}"
EndProject
Project("{2150E333-8FDC-42A3-9474-1A3956D46DE8}") = "Tests", "Tests", "{535A7FBD-7093-4D35-9764-C74D317A60F2}"
EndProject
Project("{FAE04EC0-301F-11D3-BF4B-00C04F79EFBC}") = "TestApplication", "TestApplication\TestApplication.csproj", "{99A6D335-D566-4EB4-A258-D9468C101A14}"
EndProject
Project("{FAE04EC0-301F-11D3-BF4B-00C04F79EFBC}") = "WFTestMSGraphApi", "WFTestMSGraphApi\WFTestMSGraphApi.csproj", "{2FFD4565-4BCF-4C14-B21A-B6C8AFD0576D}"
EndProject
Project("{FAE04EC0-301F-11D3-BF4B-00C04F79EFBC}") = "MSGraphService", "MSGraphServices\MSGraphService.csproj", "{9D0D2B80-B731-45CA-9B90-C25D9A18C54F}"
EndProject
Project("{FAE04EC0-301F-11D3-BF4B-00C04F79EFBC}") = "RH.Admin.Mvc", "ERP.Admin\RH.Admin.Mvc.csproj", "{DA7940A1-1517-476B-9597-05E6A50BBC0D}"
EndProject
Project("{9A19103F-16F7-4668-BE54-9A1E7A4F7556}") = "AuthServer", "..\IdentityServer\NetCore20\AuthServer.csproj", "{1C8EA545-0B3F-4656-B173-751263CCCB7F}"
EndProject
Global
	GlobalSection(SolutionConfigurationPlatforms) = preSolution
		Debug|Any CPU = Debug|Any CPU
		Release|Any CPU = Release|Any CPU
	EndGlobalSection
	GlobalSection(ProjectConfigurationPlatforms) = postSolution
		{CE1444D5-D02F-4E61-A3AE-96C0BA0B4F93}.Debug|Any CPU.ActiveCfg = Debug|Any CPU
		{CE1444D5-D02F-4E61-A3AE-96C0BA0B4F93}.Debug|Any CPU.Build.0 = Debug|Any CPU
		{CE1444D5-D02F-4E61-A3AE-96C0BA0B4F93}.Release|Any CPU.ActiveCfg = Release|Any CPU
		{CE1444D5-D02F-4E61-A3AE-96C0BA0B4F93}.Release|Any CPU.Build.0 = Release|Any CPU
		{95FFD473-5E9D-4A91-BE76-8777A54C6D5D}.Debug|Any CPU.ActiveCfg = Debug|Any CPU
		{95FFD473-5E9D-4A91-BE76-8777A54C6D5D}.Debug|Any CPU.Build.0 = Debug|Any CPU
		{95FFD473-5E9D-4A91-BE76-8777A54C6D5D}.Release|Any CPU.ActiveCfg = Release|Any CPU
		{95FFD473-5E9D-4A91-BE76-8777A54C6D5D}.Release|Any CPU.Build.0 = Release|Any CPU
		{771911B4-BA03-44A5-BEF4-8BF6A04C0954}.Debug|Any CPU.ActiveCfg = Debug|Any CPU
		{771911B4-BA03-44A5-BEF4-8BF6A04C0954}.Debug|Any CPU.Build.0 = Debug|Any CPU
		{771911B4-BA03-44A5-BEF4-8BF6A04C0954}.Release|Any CPU.ActiveCfg = Release|Any CPU
		{771911B4-BA03-44A5-BEF4-8BF6A04C0954}.Release|Any CPU.Build.0 = Release|Any CPU
		{6FA84158-8093-489B-A8DC-ED640D3796EC}.Debug|Any CPU.ActiveCfg = Debug|Any CPU
		{6FA84158-8093-489B-A8DC-ED640D3796EC}.Debug|Any CPU.Build.0 = Debug|Any CPU
		{6FA84158-8093-489B-A8DC-ED640D3796EC}.Release|Any CPU.ActiveCfg = Release|Any CPU
		{6FA84158-8093-489B-A8DC-ED640D3796EC}.Release|Any CPU.Build.0 = Release|Any CPU
		{8E9F5397-43EC-457C-B78E-410D60492689}.Debug|Any CPU.ActiveCfg = Debug|Any CPU
		{8E9F5397-43EC-457C-B78E-410D60492689}.Debug|Any CPU.Build.0 = Debug|Any CPU
		{8E9F5397-43EC-457C-B78E-410D60492689}.Release|Any CPU.ActiveCfg = Release|Any CPU
		{8E9F5397-43EC-457C-B78E-410D60492689}.Release|Any CPU.Build.0 = Release|Any CPU
		{2CD0D396-AB74-4B99-8F16-F3E89D22E588}.Debug|Any CPU.ActiveCfg = Debug|Any CPU
		{2CD0D396-AB74-4B99-8F16-F3E89D22E588}.Debug|Any CPU.Build.0 = Debug|Any CPU
		{2CD0D396-AB74-4B99-8F16-F3E89D22E588}.Release|Any CPU.ActiveCfg = Release|Any CPU
		{2CD0D396-AB74-4B99-8F16-F3E89D22E588}.Release|Any CPU.Build.0 = Release|Any CPU
		{3BB71721-3EF0-40A0-81FD-668FE79325A3}.Debug|Any CPU.ActiveCfg = Debug|Any CPU
		{3BB71721-3EF0-40A0-81FD-668FE79325A3}.Debug|Any CPU.Build.0 = Debug|Any CPU
		{3BB71721-3EF0-40A0-81FD-668FE79325A3}.Release|Any CPU.ActiveCfg = Release|Any CPU
		{3BB71721-3EF0-40A0-81FD-668FE79325A3}.Release|Any CPU.Build.0 = Release|Any CPU
		{99A6D335-D566-4EB4-A258-D9468C101A14}.Debug|Any CPU.ActiveCfg = Debug|Any CPU
		{99A6D335-D566-4EB4-A258-D9468C101A14}.Debug|Any CPU.Build.0 = Debug|Any CPU
		{99A6D335-D566-4EB4-A258-D9468C101A14}.Release|Any CPU.ActiveCfg = Release|Any CPU
		{99A6D335-D566-4EB4-A258-D9468C101A14}.Release|Any CPU.Build.0 = Release|Any CPU
		{2FFD4565-4BCF-4C14-B21A-B6C8AFD0576D}.Debug|Any CPU.ActiveCfg = Debug|Any CPU
		{2FFD4565-4BCF-4C14-B21A-B6C8AFD0576D}.Debug|Any CPU.Build.0 = Debug|Any CPU
		{2FFD4565-4BCF-4C14-B21A-B6C8AFD0576D}.Release|Any CPU.ActiveCfg = Release|Any CPU
		{2FFD4565-4BCF-4C14-B21A-B6C8AFD0576D}.Release|Any CPU.Build.0 = Release|Any CPU
		{9D0D2B80-B731-45CA-9B90-C25D9A18C54F}.Debug|Any CPU.ActiveCfg = Debug|Any CPU
		{9D0D2B80-B731-45CA-9B90-C25D9A18C54F}.Debug|Any CPU.Build.0 = Debug|Any CPU
		{9D0D2B80-B731-45CA-9B90-C25D9A18C54F}.Release|Any CPU.ActiveCfg = Release|Any CPU
		{9D0D2B80-B731-45CA-9B90-C25D9A18C54F}.Release|Any CPU.Build.0 = Release|Any CPU
		{DA7940A1-1517-476B-9597-05E6A50BBC0D}.Debug|Any CPU.ActiveCfg = Debug|Any CPU
		{DA7940A1-1517-476B-9597-05E6A50BBC0D}.Debug|Any CPU.Build.0 = Debug|Any CPU
		{DA7940A1-1517-476B-9597-05E6A50BBC0D}.Release|Any CPU.ActiveCfg = Release|Any CPU
		{DA7940A1-1517-476B-9597-05E6A50BBC0D}.Release|Any CPU.Build.0 = Release|Any CPU
		{1C8EA545-0B3F-4656-B173-751263CCCB7F}.Debug|Any CPU.ActiveCfg = Debug|Any CPU
		{1C8EA545-0B3F-4656-B173-751263CCCB7F}.Debug|Any CPU.Build.0 = Debug|Any CPU
		{1C8EA545-0B3F-4656-B173-751263CCCB7F}.Release|Any CPU.ActiveCfg = Release|Any CPU
		{1C8EA545-0B3F-4656-B173-751263CCCB7F}.Release|Any CPU.Build.0 = Release|Any CPU
	EndGlobalSection
	GlobalSection(SolutionProperties) = preSolution
		HideSolutionNode = FALSE
	EndGlobalSection
	GlobalSection(NestedProjects) = preSolution
		{CE1444D5-D02F-4E61-A3AE-96C0BA0B4F93} = {4A3D6186-D1BF-4F74-A2F3-BFDED5E8AE10}
		{95FFD473-5E9D-4A91-BE76-8777A54C6D5D} = {EA65D772-53AB-4C76-BA50-CB732A1446ED}
		{0131489E-2754-4F80-B5DB-9B2C9806CB75} = {1DF4F653-5432-4F18-A19E-11367372E6A6}
		{4A3D6186-D1BF-4F74-A2F3-BFDED5E8AE10} = {6CCA89A7-4E3D-4E16-B202-03CADD129789}
		{771911B4-BA03-44A5-BEF4-8BF6A04C0954} = {30B0CAE8-15B8-4A56-80A3-F72B13822C7D}
		{30B0CAE8-15B8-4A56-80A3-F72B13822C7D} = {6CCA89A7-4E3D-4E16-B202-03CADD129789}
		{EA65D772-53AB-4C76-BA50-CB732A1446ED} = {6CCA89A7-4E3D-4E16-B202-03CADD129789}
		{F71DBF78-9029-4253-87D4-3A7E9F6CB99E} = {1DF4F653-5432-4F18-A19E-11367372E6A6}
		{03FA42E6-D4B3-4FAF-B2E0-F5A81C18FE1D} = {6CCA89A7-4E3D-4E16-B202-03CADD129789}
		{6FA84158-8093-489B-A8DC-ED640D3796EC} = {F71DBF78-9029-4253-87D4-3A7E9F6CB99E}
		{8E9F5397-43EC-457C-B78E-410D60492689} = {03FA42E6-D4B3-4FAF-B2E0-F5A81C18FE1D}
		{2CD0D396-AB74-4B99-8F16-F3E89D22E588} = {EA65D772-53AB-4C76-BA50-CB732A1446ED}
		{3BB71721-3EF0-40A0-81FD-668FE79325A3} = {4A3D6186-D1BF-4F74-A2F3-BFDED5E8AE10}
		{99A6D335-D566-4EB4-A258-D9468C101A14} = {535A7FBD-7093-4D35-9764-C74D317A60F2}
		{2FFD4565-4BCF-4C14-B21A-B6C8AFD0576D} = {535A7FBD-7093-4D35-9764-C74D317A60F2}
		{9D0D2B80-B731-45CA-9B90-C25D9A18C54F} = {03FA42E6-D4B3-4FAF-B2E0-F5A81C18FE1D}
		{DA7940A1-1517-476B-9597-05E6A50BBC0D} = {0131489E-2754-4F80-B5DB-9B2C9806CB75}
		{1C8EA545-0B3F-4656-B173-751263CCCB7F} = {0131489E-2754-4F80-B5DB-9B2C9806CB75}
	EndGlobalSection
	GlobalSection(ExtensibilityGlobals) = postSolution
		SolutionGuid = {38F079AA-554A-473A-86D3-FCC20587C94D}
	EndGlobalSection
EndGlobal
